
Microsoft Visual Studio Solution File, Format Version 12.00
# Visual Studio 15
VisualStudioVersion = 15.0.27130.2027
MinimumVisualStudioVersion = 10.0.40219.1
Project("{FAE04EC0-301F-11D3-BF4B-00C04F79EFBC}") = "RunningAverageJohnathanM", "RunningAverageJohnathanM\RunningAverageJohnathanM.csproj", "{AD51A5D4-FE0C-4B11-BCBC-B524EFCB2A20}"
EndProject
Global
	GlobalSection(SolutionConfigurationPlatforms) = preSolution
		Debug|Any CPU = Debug|Any CPU
		Release|Any CPU = Release|Any CPU
	EndGlobalSection
	GlobalSection(ProjectConfigurationPlatforms) = postSolution
		{AD51A5D4-FE0C-4B11-BCBC-B524EFCB2A20}.Debug|Any CPU.ActiveCfg = Debug|Any CPU
		{AD51A5D4-FE0C-4B11-BCBC-B524EFCB2A20}.Debug|Any CPU.Build.0 = Debug|Any CPU
		{AD51A5D4-FE0C-4B11-BCBC-B524EFCB2A20}.Release|Any CPU.ActiveCfg = Release|Any CPU
		{AD51A5D4-FE0C-4B11-BCBC-B524EFCB2A20}.Release|Any CPU.Build.0 = Release|Any CPU
	EndGlobalSection
	GlobalSection(SolutionProperties) = preSolution
		HideSolutionNode = FALSE
	EndGlobalSection
	GlobalSection(ExtensibilityGlobals) = postSolution
		SolutionGuid = {EC2AA04A-695E-4212-94EF-F7ACC199C593}
	EndGlobalSection
EndGlobal
